github.com/docker/buildx v0.9.1 h1:VLyyJ1s4seWHmBY+oNc0J4+jHluRHLyv8KHOYYdSu3U=
github.com/docker/buildx v0.9.1/go.mod h1:zHiKsXO4H8cgUQFaNCqitRroVta3Kj9TVzhMhe5GLlk=
github.com/docker/cli v20.10.21+incompatible h1:qVkgyYUnOLQ98LtXBrwd/duVqPT2X4SHndOuGsfwyhU=
github.com/docker/cli v20.10.21+incompatible/go.mod h1:JLrzqnKDaYBop7H2jaqPtU4hHvMKP+vjCwu2uszcLI8=
github.com/moby/moby v20.10.21+incompatible h1:LfdCNzNpDYtOTtlO5wxLcUEk0nyM3KqPyeIyXVdvl/U=
github.com/moby/moby v20.10.21+incompatible/go.mod h1:fDXVQ6+S340veQPv35CzDahGBmHsiclFwfEygB/TWMc=
